// !$*UTF8*$!
{
	archiveVersion = 1;
	classes = {
	};
	objectVersion = 77;
	objects = {

/* Begin PBXBuildFile section */
		B53ACA07302F41EB00EBA8C5 /* MainView.swift in Sources */ = {isa = PBXBuildFile; fileRef = B53ACA04302F41EB00EBA8C5 /* MainView.swift */; };
		B53ACA08302F41EB00EBA8C5 /* MainApp.swift in Sources */ = {isa = PBXBuildFile; fileRef = B53ACA05302F41EB00EBA8C5 /* MainApp.swift */; };
		B53ACA09302F41EB00EBA8C5 /* Assets.xcassets in Resources */ = {isa = PBXBuildFile; fileRef = B53ACA03302F41EB00EBA8C5 /* Assets.xcassets */; };
		B53ACA0F302F420500EBA8C5 /* alldatalist.json in Resources */ = {isa = PBXBuildFile; fileRef = B53ACA0C302F420500EBA8C5 /* alldatalist.json */; };
		B53ACA10302F420500EBA8C5 /* ReadyMadeProjectSetupUITests.swift in Sources */ = {isa = PBXBuildFile; fileRef = B53ACA0D302F420500EBA8C5 /* ReadyMadeProjectSetupUITests.swift */; };
		B53ACA11302F420500EBA8C5 /* alldatalist.json in Resources */ = {isa = PBXBuildFile; fileRef = B53ACA0C302F420500EBA8C5 /* alldatalist.json */; };
		B53ACA15302F420700EBA8C5 /* ReadyMadeProjectSetupUIUITests in Sources */ = {isa = PBXBuildFile; fileRef = B53ACA12302F420700EBA8C5 /* ReadyMadeProjectSetupUIUITests */; };
		B53ACA16302F420700EBA8C5 /* ReadyMadeProjectSetupUIUITestsLaunchTests.swift in Sources */ = {isa = PBXBuildFile; fileRef = B53ACA13302F420700EBA8C5 /* ReadyMadeProjectSetupUIUITestsLaunchTests.swift */; };
		B53ACA23302F687100EBA8C5 /* AppRouter.swift in Sources */ = {isa = PBXBuildFile; fileRef = B53ACA22302F687100EBA8C5 /* AppRouter.swift */; };
		B53ACA37302F696A00EBA8C5 /* APIClientAsyncAwait.swift in Sources */ = {isa = PBXBuildFile; fileRef = B53ACA31302F696A00EBA8C5 /* APIClientAsyncAwait.swift */; };
		B53ACA38302F696A00EBA8C5 /* APIErrorResponse.swift in Sources */ = {isa = PBXBuildFile; fileRef = B53ACA2E302F696A00EBA8C5 /* APIErrorResponse.swift */; };
		B53ACA39302F696A00EBA8C5 /* EndPointType.swift in Sources */ = {isa = PBXBuildFile; fileRef = B53ACA2F302F696A00EBA8C5 /* EndPointType.swift */; };
		B53ACA3A302F696A00EBA8C5 /* DataError.swift in Sources */ = {isa = PBXBuildFile; fileRef = B53ACA2D302F696A00EBA8C5 /* DataError.swift */; };
		B53ACA3B302F696A00EBA8C5 /* MockEnvronobjectServices.swift in Sources */ = {isa = PBXBuildFile; fileRef = B53ACA34302F696A00EBA8C5 /* MockEnvronobjectServices.swift */; };
		B53ACA3C302F696A00EBA8C5 /* MockAPIServices.swift in Sources */ = {isa = PBXBuildFile; fileRef = B53ACA33302F696A00EBA8C5 /* MockAPIServices.swift */; };
		B53ACA3D302F696A00EBA8C5 /* MediaUploadService.swift in Sources */ = {isa = PBXBuildFile; fileRef = B53ACA2B302F696A00EBA8C5 /* MediaUploadService.swift */; };
		B53ACA40302F698D00EBA8C5 /* KeychainManager.swift in Sources */ = {isa = PBXBuildFile; fileRef = B53ACA3F302F698D00EBA8C5 /* KeychainManager.swift */; };
		B53ACA42302F699700EBA8C5 /* LocalDatabase.swift in Sources */ = {isa = PBXBuildFile; fileRef = B53ACA41302F699700EBA8C5 /* LocalDatabase.swift */; };
		B53ACA45302F69C600EBA8C5 /* Theme.swift in Sources */ = {isa = PBXBuildFile; fileRef = B53ACA44302F69C600EBA8C5 /* Theme.swift */; };
		D2D3AE74305FCDCB00FE6131 /* HomeView.swift in Sources */ = {isa = PBXBuildFile; fileRef = D2D3AE73305FCDCA00FE6131 /* HomeView.swift */; };
		D2D3AE76305FCDDD00FE6131 /* HomeNavRouter.swift in Sources */ = {isa = PBXBuildFile; fileRef = D2D3AE75305FCDDD00FE6131 /* HomeNavRouter.swift */; };
		D2D3AE79305FCE8300FE6131 /* HomeViewModel.swift in Sources */ = {isa = PBXBuildFile; fileRef = D2D3AE78305FCE8300FE6131 /* HomeViewModel.swift */; };
		D2D3AE7D305FCF1400FE6131 /* HomeDetailView.swift in Sources */ = {isa = PBXBuildFile; fileRef = D2D3AE7C305FCF1400FE6131 /* HomeDetailView.swift */; };
		D2D3AE7F305FCF2100FE6131 /* HomeDetailViewModel.swift in Sources */ = {isa = PBXBuildFile; fileRef = D2D3AE7E305FCF2100FE6131 /* HomeDetailViewModel.swift */; };
		D2D3AE81305FD01400FE6131 /* APIClientCompletionHandler.swift in Sources */ = {isa = PBXBuildFile; fileRef = D2D3AE80305FD01400FE6131 /* APIClientCompletionHandler.swift */; };
		D2D3AE83305FD18300FE6131 /* PublicPostModel.swift in Sources */ = {isa = PBXBuildFile; fileRef = D2D3AE82305FD18300FE6131 /* PublicPostModel.swift */; };
		D2D3AE85305FF3DD00FE6131 /* PostRowView.swift in Sources */ = {isa = PBXBuildFile; fileRef = D2D3AE84305FF3DD00FE6131 /* PostRowView.swift */; };
		D2D3AE88305FF90800FE6131 /* HomeContainer.swift in Sources */ = {isa = PBXBuildFile; fileRef = D2D3AE87305FF90800FE6131 /* HomeContainer.swift */; };
/* End PBXBuildFile section */

/* Begin PBXContainerItemProxy section */
		B53AC9E3302F41B900EBA8C5 /* PBXContainerItemProxy */ = {
			isa = PBXContainerItemProxy;
			containerPortal = B53AC9CD302F41B800EBA8C5 /* Project object */;
			proxyType = 1;
			remoteGlobalIDString = B53AC9D4302F41B800EBA8C5;
			remoteInfo = PaginationInSwiftUI;
		};
		B53AC9ED302F41B900EBA8C5 /* PBXContainerItemProxy */ = {
			isa = PBXContainerItemProxy;
			containerPortal = B53AC9CD302F41B800EBA8C5 /* Project object */;
			proxyType = 1;
			remoteGlobalIDString = B53AC9D4302F41B800EBA8C5;
			remoteInfo = PaginationInSwiftUI;
		};
/* End PBXContainerItemProxy section */

/* Begin PBXFileReference section */
		B53AC9D5302F41B800EBA8C5 /* ReadyMadeProjectSetup.app */ = {isa = PBXFileReference; explicitFileType = wrapper.application; includeInIndex = 0; path = ReadyMadeProjectSetup.app; sourceTree = BUILT_PRODUCTS_DIR; };
		B53AC9E2302F41B900EBA8C5 /* ReadyMadeProjectSetupTests.xctest */ = {isa = PBXFileReference; explicitFileType = wrapper.cfbundle; includeInIndex = 0; path = ReadyMadeProjectSetupTests.xctest; sourceTree = BUILT_PRODUCTS_DIR; };
		B53AC9EC302F41B900EBA8C5 /* ReadyMadeProjectSetupUITests.xctest */ = {isa = PBXFileReference; explicitFileType = wrapper.cfbundle; includeInIndex = 0; path = ReadyMadeProjectSetupUITests.xctest; sourceTree = BUILT_PRODUCTS_DIR; };
		B53ACA03302F41EB00EBA8C5 /* Assets.xcassets */ = {isa = PBXFileReference; lastKnownFileType = folder.assetcatalog; path = Assets.xcassets; sourceTree = "<group>"; };
		B53ACA04302F41EB00EBA8C5 /* MainView.swift */ = {isa = PBXFileReference; lastKnownFileType = sourcecode.swift; path = MainView.swift; sourceTree = "<group>"; };
		B53ACA05302F41EB00EBA8C5 /* MainApp.swift */ = {isa = PBXFileReference; lastKnownFileType = sourcecode.swift; path = MainApp.swift; sourceTree = "<group>"; };
		B53ACA0C302F420500EBA8C5 /* alldatalist.json */ = {isa = PBXFileReference; lastKnownFileType = text.json; path = alldatalist.json; sourceTree = "<group>"; };
		B53ACA0D302F420500EBA8C5 /* ReadyMadeProjectSetupUITests.swift */ = {isa = PBXFileReference; lastKnownFileType = sourcecode.swift; path = ReadyMadeProjectSetupUITests.swift; sourceTree = "<group>"; };
		B53ACA12302F420700EBA8C5 /* ReadyMadeProjectSetupUIUITests */ = {isa = PBXFileReference; lastKnownFileType = text; path = ReadyMadeProjectSetupUIUITests; sourceTree = "<group>"; };
		B53ACA13302F420700EBA8C5 /* ReadyMadeProjectSetupUIUITestsLaunchTests.swift */ = {isa = PBXFileReference; lastKnownFileType = sourcecode.swift; path = ReadyMadeProjectSetupUIUITestsLaunchTests.swift; sourceTree = "<group>"; };
		B53ACA22302F687100EBA8C5 /* AppRouter.swift */ = {isa = PBXFileReference; lastKnownFileType = sourcecode.swift; path = AppRouter.swift; sourceTree = "<group>"; };
		B53ACA2B302F696A00EBA8C5 /* MediaUploadService.swift */ = {isa = PBXFileReference; lastKnownFileType = sourcecode.swift; path = MediaUploadService.swift; sourceTree = "<group>"; };
		B53ACA2D302F696A00EBA8C5 /* DataError.swift */ = {isa = PBXFileReference; lastKnownFileType = sourcecode.swift; path = DataError.swift; sourceTree = "<group>"; };
		B53ACA2E302F696A00EBA8C5 /* APIErrorResponse.swift */ = {isa = PBXFileReference; lastKnownFileType = sourcecode.swift; path = APIErrorResponse.swift; sourceTree = "<group>"; };
		B53ACA2F302F696A00EBA8C5 /* EndPointType.swift */ = {isa = PBXFileReference; lastKnownFileType = sourcecode.swift; path = EndPointType.swift; sourceTree = "<group>"; };
		B53ACA31302F696A00EBA8C5 /* APIClientAsyncAwait.swift */ = {isa = PBXFileReference; lastKnownFileType = sourcecode.swift; path = APIClientAsyncAwait.swift; sourceTree = "<group>"; };
		B53ACA33302F696A00EBA8C5 /* MockAPIServices.swift */ = {isa = PBXFileReference; lastKnownFileType = sourcecode.swift; path = MockAPIServices.swift; sourceTree = "<group>"; };
		B53ACA34302F696A00EBA8C5 /* MockEnvronobjectServices.swift */ = {isa = PBXFileReference; lastKnownFileType = sourcecode.swift; path = MockEnvronobjectServices.swift; sourceTree = "<group>"; };
		B53ACA3F302F698D00EBA8C5 /* KeychainManager.swift */ = {isa = PBXFileReference; lastKnownFileType = sourcecode.swift; path = KeychainManager.swift; sourceTree = "<group>"; };
		B53ACA41302F699700EBA8C5 /* LocalDatabase.swift */ = {isa = PBXFileReference; lastKnownFileType = sourcecode.swift; path = LocalDatabase.swift; sourceTree = "<group>"; };
		B53ACA44302F69C600EBA8C5 /* Theme.swift */ = {isa = PBXFileReference; lastKnownFileType = sourcecode.swift; path = Theme.swift; sourceTree = "<group>"; };
		D2D3AE73305FCDCA00FE6131 /* HomeView.swift */ = {isa = PBXFileReference; lastKnownFileType = sourcecode.swift; path = HomeView.swift; sourceTree = "<group>"; };
		D2D3AE75305FCDDD00FE6131 /* HomeNavRouter.swift */ = {isa = PBXFileReference; lastKnownFileType = sourcecode.swift; path = HomeNavRouter.swift; sourceTree = "<group>"; };
		D2D3AE78305FCE8300FE6131 /* HomeViewModel.swift */ = {isa = PBXFileReference; lastKnownFileType = sourcecode.swift; path = HomeViewModel.swift; sourceTree = "<group>"; };
		D2D3AE7C305FCF1400FE6131 /* HomeDetailView.swift */ = {isa = PBXFileReference; lastKnownFileType = sourcecode.swift; path = HomeDetailView.swift; sourceTree = "<group>"; };
		D2D3AE7E305FCF2100FE6131 /* HomeDetailViewModel.swift */ = {isa = PBXFileReference; lastKnownFileType = sourcecode.swift; path = HomeDetailViewModel.swift; sourceTree = "<group>"; };
		D2D3AE80305FD01400FE6131 /* APIClientCompletionHandler.swift */ = {isa = PBXFileReference; lastKnownFileType = sourcecode.swift; path = APIClientCompletionHandler.swift; sourceTree = "<group>"; };
		D2D3AE82305FD18300FE6131 /* PublicPostModel.swift */ = {isa = PBXFileReference; lastKnownFileType = sourcecode.swift; path = PublicPostModel.swift; sourceTree = "<group>"; };
		D2D3AE84305FF3DD00FE6131 /* PostRowView.swift */ = {isa = PBXFileReference; lastKnownFileType = sourcecode.swift; path = PostRowView.swift; sourceTree = "<group>"; };
		D2D3AE87305FF90800FE6131 /* HomeContainer.swift */ = {isa = PBXFileReference; lastKnownFileType = sourcecode.swift; path = HomeContainer.swift; sourceTree = "<group>"; };
/* End PBXFileReference section */

/* Begin PBXFrameworksBuildPhase section */
		B53AC9D2302F41B800EBA8C5 /* Frameworks */ = {
			isa = PBXFrameworksBuildPhase;
			buildActionMask = 2147483647;
			files = (
			);
			runOnlyForDeploymentPostprocessing = 0;
		};
		B53AC9DF302F41B900EBA8C5 /* Frameworks */ = {
			isa = PBXFrameworksBuildPhase;
			buildActionMask = 2147483647;
			files = (
			);
			runOnlyForDeploymentPostprocessing = 0;
		};
		B53AC9E9302F41B900EBA8C5 /* Frameworks */ = {
			isa = PBXFrameworksBuildPhase;
			buildActionMask = 2147483647;
			files = (
			);
			runOnlyForDeploymentPostprocessing = 0;
		};
/* End PBXFrameworksBuildPhase section */

/* Begin PBXGroup section */
		B53AC9CC302F41B800EBA8C5 = {
			isa = PBXGroup;
			children = (
				B53ACA06302F41EB00EBA8C5 /* main */,
				B53ACA0E302F420500EBA8C5 /* ReadyMadeProjectSetupUITests */,
				B53ACA14302F420700EBA8C5 /* ReadyMadeProjectSetupUIUITests */,
				B53AC9D6302F41B800EBA8C5 /* Products */,
			);
			sourceTree = "<group>";
		};
		B53AC9D6302F41B800EBA8C5 /* Products */ = {
			isa = PBXGroup;
			children = (
				B53AC9D5302F41B800EBA8C5 /* ReadyMadeProjectSetup.app */,
				B53AC9E2302F41B900EBA8C5 /* ReadyMadeProjectSetupTests.xctest */,
				B53AC9EC302F41B900EBA8C5 /* ReadyMadeProjectSetupUITests.xctest */,
			);
			name = Products;
			sourceTree = "<group>";
		};
		B53ACA06302F41EB00EBA8C5 /* main */ = {
			isa = PBXGroup;
			children = (
				B53ACA21302F682700EBA8C5 /* app */,
				B53ACA24302F68B000EBA8C5 /* core */,
				B53ACA17302F420A00EBA8C5 /* features */,
				B53ACA0A302F41F300EBA8C5 /* assets */,
			);
			path = main;
			sourceTree = "<group>";
		};
		B53ACA0A302F41F300EBA8C5 /* assets */ = {
			isa = PBXGroup;
			children = (
				B53ACA03302F41EB00EBA8C5 /* Assets.xcassets */,
			);
			path = assets;
			sourceTree = "<group>";
		};
		B53ACA0E302F420500EBA8C5 /* ReadyMadeProjectSetupUITests */ = {
			isa = PBXGroup;
			children = (
				B53ACA80302F6C1500EBA8C5 /* testing */,
				B53ACA0C302F420500EBA8C5 /* alldatalist.json */,
				B53ACA0D302F420500EBA8C5 /* ReadyMadeProjectSetupUITests.swift */,
			);
			path = ReadyMadeProjectSetupUITests;
			sourceTree = "<group>";
		};
		B53ACA14302F420700EBA8C5 /* ReadyMadeProjectSetupUIUITests */ = {
			isa = PBXGroup;
			children = (
				B53ACA12302F420700EBA8C5 /* ReadyMadeProjectSetupUIUITests */,
				B53ACA13302F420700EBA8C5 /* ReadyMadeProjectSetupUIUITestsLaunchTests.swift */,
			);
			path = ReadyMadeProjectSetupUIUITests;
			sourceTree = "<group>";
		};
		B53ACA17302F420A00EBA8C5 /* features */ = {
			isa = PBXGroup;
			children = (
				D2D3AE6E305FCD8000FE6131 /* home */,
			);
			path = features;
			sourceTree = "<group>";
		};
		B53ACA21302F682700EBA8C5 /* app */ = {
			isa = PBXGroup;
			children = (
				B53ACA05302F41EB00EBA8C5 /* MainApp.swift */,
				B53ACA04302F41EB00EBA8C5 /* MainView.swift */,
				B53ACA22302F687100EBA8C5 /* AppRouter.swift */,
			);
			path = app;
			sourceTree = "<group>";
		};
		B53ACA24302F68B000EBA8C5 /* core */ = {
			isa = PBXGroup;
			children = (
				B53ACA36302F696A00EBA8C5 /* network */,
				B53ACA3E302F698000EBA8C5 /* storage */,
				B53ACA43302F69A900EBA8C5 /* app_theme */,
			);
			path = core;
			sourceTree = "<group>";
		};
		B53ACA2C302F696A00EBA8C5 /* media */ = {
			isa = PBXGroup;
			children = (
				B53ACA2B302F696A00EBA8C5 /* MediaUploadService.swift */,
			);
			path = media;
			sourceTree = "<group>";
		};
		B53ACA30302F696A00EBA8C5 /* network_error_core */ = {
			isa = PBXGroup;
			children = (
				B53ACA2D302F696A00EBA8C5 /* DataError.swift */,
				B53ACA2E302F696A00EBA8C5 /* APIErrorResponse.swift */,
			);
			path = network_error_core;
			sourceTree = "<group>";
		};
		B53ACA32302F696A00EBA8C5 /* network_client */ = {
			isa = PBXGroup;
			children = (
				B53ACA2F302F696A00EBA8C5 /* EndPointType.swift */,
				B53ACA31302F696A00EBA8C5 /* APIClientAsyncAwait.swift */,
				D2D3AE80305FD01400FE6131 /* APIClientCompletionHandler.swift */,
			);
			path = network_client;
			sourceTree = "<group>";
		};
		B53ACA35302F696A00EBA8C5 /* mock_api_service */ = {
			isa = PBXGroup;
			children = (
				B53ACA33302F696A00EBA8C5 /* MockAPIServices.swift */,
				B53ACA34302F696A00EBA8C5 /* MockEnvronobjectServices.swift */,
			);
			path = mock_api_service;
			sourceTree = "<group>";
		};
		B53ACA36302F696A00EBA8C5 /* network */ = {
			isa = PBXGroup;
			children = (
				B53ACA2C302F696A00EBA8C5 /* media */,
				B53ACA30302F696A00EBA8C5 /* network_error_core */,
				B53ACA32302F696A00EBA8C5 /* network_client */,
				B53ACA35302F696A00EBA8C5 /* mock_api_service */,
			);
			path = network;
			sourceTree = "<group>";
		};
		B53ACA3E302F698000EBA8C5 /* storage */ = {
			isa = PBXGroup;
			children = (
				B53ACA3F302F698D00EBA8C5 /* KeychainManager.swift */,
				B53ACA41302F699700EBA8C5 /* LocalDatabase.swift */,
			);
			path = storage;
			sourceTree = "<group>";
		};
		B53ACA43302F69A900EBA8C5 /* app_theme */ = {
			isa = PBXGroup;
			children = (
				B53ACA44302F69C600EBA8C5 /* Theme.swift */,
			);
			path = app_theme;
			sourceTree = "<group>";
		};
		B53ACA80302F6C1500EBA8C5 /* testing */ = {
			isa = PBXGroup;
			children = (
				B53ACA81302F6C1A00EBA8C5 /* authentication */,
				B53ACA82302F6C2300EBA8C5 /* home */,
			);
			path = testing;
			sourceTree = "<group>";
		};
		B53ACA81302F6C1A00EBA8C5 /* authentication */ = {
			isa = PBXGroup;
			children = (
			);
			path = authentication;
			sourceTree = "<group>";
		};
		B53ACA82302F6C2300EBA8C5 /* home */ = {
			isa = PBXGroup;
			children = (
			);
			path = home;
			sourceTree = "<group>";
		};
		D2D3AE6E305FCD8000FE6131 /* home */ = {
			isa = PBXGroup;
			children = (
				D2D3AE86305FF8E300FE6131 /* di */,
				D2D3AE72305FCD9200FE6131 /* home_router */,
				D2D3AE71305FCD8E00FE6131 /* models */,
				D2D3AE70305FCD8C00FE6131 /* views */,
			);
			path = home;
			sourceTree = "<group>";
		};
		D2D3AE70305FCD8C00FE6131 /* views */ = {
			isa = PBXGroup;
			children = (
				D2D3AE7A305FCEE500FE6131 /* home_detail_screen */,
				D2D3AE77305FCE6600FE6131 /* main_screen */,
				D2D3AE7B305FCEEE00FE6131 /* home_components */,
			);
			path = views;
			sourceTree = "<group>";
		};
		D2D3AE71305FCD8E00FE6131 /* models */ = {
			isa = PBXGroup;
			children = (
				D2D3AE82305FD18300FE6131 /* PublicPostModel.swift */,
			);
			path = models;
			sourceTree = "<group>";
		};
		D2D3AE72305FCD9200FE6131 /* home_router */ = {
			isa = PBXGroup;
			children = (
				D2D3AE75305FCDDD00FE6131 /* HomeNavRouter.swift */,
			);
			path = home_router;
			sourceTree = "<group>";
		};
		D2D3AE77305FCE6600FE6131 /* main_screen */ = {
			isa = PBXGroup;
			children = (
				D2D3AE73305FCDCA00FE6131 /* HomeView.swift */,
				D2D3AE78305FCE8300FE6131 /* HomeViewModel.swift */,
			);
			path = main_screen;
			sourceTree = "<group>";
		};
		D2D3AE7A305FCEE500FE6131 /* home_detail_screen */ = {
			isa = PBXGroup;
			children = (
				D2D3AE7C305FCF1400FE6131 /* HomeDetailView.swift */,
				D2D3AE7E305FCF2100FE6131 /* HomeDetailViewModel.swift */,
			);
			path = home_detail_screen;
			sourceTree = "<group>";
		};
		D2D3AE7B305FCEEE00FE6131 /* home_components */ = {
			isa = PBXGroup;
			children = (
				D2D3AE84305FF3DD00FE6131 /* PostRowView.swift */,
			);
			path = home_components;
			sourceTree = "<group>";
		};
		D2D3AE86305FF8E300FE6131 /* di */ = {
			isa = PBXGroup;
			children = (
				D2D3AE87305FF90800FE6131 /* HomeContainer.swift */,
			);
			path = di;
			sourceTree = "<group>";
		};
/* End PBXGroup section */

/* Begin PBXNativeTarget section */
		B53AC9D4302F41B800EBA8C5 /* ReadyMadeProjectSetup */ = {
			isa = PBXNativeTarget;
			buildConfigurationList = B53AC9F6302F41B900EBA8C5 /* Build configuration list for PBXNativeTarget "ReadyMadeProjectSetup" */;
			buildPhases = (
				B53AC9D1302F41B800EBA8C5 /* Sources */,
				B53AC9D2302F41B800EBA8C5 /* Frameworks */,
				B53AC9D3302F41B800EBA8C5 /* Resources */,
			);
			buildRules = (
			);
			dependencies = (
			);
			name = ReadyMadeProjectSetup;
			packageProductDependencies = (
			);
			productName = PaginationInSwiftUI;
			productReference = B53AC9D5302F41B800EBA8C5 /* ReadyMadeProjectSetup.app */;
			productType = "com.apple.product-type.application";
		};
		B53AC9E1302F41B900EBA8C5 /* ReadyMadeProjectSetupTests */ = {
			isa = PBXNativeTarget;
			buildConfigurationList = B53AC9F9302F41B900EBA8C5 /* Build configuration list for PBXNativeTarget "ReadyMadeProjectSetupTests" */;
			buildPhases = (
				B53AC9DE302F41B900EBA8C5 /* Sources */,
				B53AC9DF302F41B900EBA8C5 /* Frameworks */,
				B53AC9E0302F41B900EBA8C5 /* Resources */,
			);
			buildRules = (
			);
			dependencies = (
				B53AC9E4302F41B900EBA8C5 /* PBXTargetDependency */,
			);
			name = ReadyMadeProjectSetupTests;
			packageProductDependencies = (
			);
			productName = PaginationInSwiftUITests;
			productReference = B53AC9E2302F41B900EBA8C5 /* ReadyMadeProjectSetupTests.xctest */;
			productType = "com.apple.product-type.bundle.unit-test";
		};
		B53AC9EB302F41B900EBA8C5 /* ReadyMadeProjectSetupUITests */ = {
			isa = PBXNativeTarget;
			buildConfigurationList = B53AC9FC302F41B900EBA8C5 /* Build configuration list for PBXNativeTarget "ReadyMadeProjectSetupUITests" */;
			buildPhases = (
				B53AC9E8302F41B900EBA8C5 /* Sources */,
				B53AC9E9302F41B900EBA8C5 /* Frameworks */,
				B53AC9EA302F41B900EBA8C5 /* Resources */,
			);
			buildRules = (
			);
			dependencies = (
				B53AC9EE302F41B900EBA8C5 /* PBXTargetDependency */,
			);
			name = ReadyMadeProjectSetupUITests;
			packageProductDependencies = (
			);
			productName = PaginationInSwiftUIUITests;
			productReference = B53AC9EC302F41B900EBA8C5 /* ReadyMadeProjectSetupUITests.xctest */;
			productType = "com.apple.product-type.bundle.ui-testing";
		};
/* End PBXNativeTarget section */

/* Begin PBXProject section */
		B53AC9CD302F41B800EBA8C5 /* Project object */ = {
			isa = PBXProject;
			attributes = {
				BuildIndependentTargetsInParallel = 1;
				LastSwiftUpdateCheck = 2600;
				LastUpgradeCheck = 2600;
				TargetAttributes = {
					B53AC9D4302F41B800EBA8C5 = {
						CreatedOnToolsVersion = 26.0;
					};
					B53AC9E1302F41B900EBA8C5 = {
						CreatedOnToolsVersion = 26.0;
						TestTargetID = B53AC9D4302F41B800EBA8C5;
					};
					B53AC9EB302F41B900EBA8C5 = {
						CreatedOnToolsVersion = 26.0;
						TestTargetID = B53AC9D4302F41B800EBA8C5;
					};
				};
			};
			buildConfigurationList = B53AC9D0302F41B800EBA8C5 /* Build configuration list for PBXProject "ReadyMadeProjectSetup" */;
			developmentRegion = en;
			hasScannedForEncodings = 0;
			knownRegions = (
				en,
				Base,
			);
			mainGroup = B53AC9CC302F41B800EBA8C5;
			minimizedProjectReferenceProxies = 1;
			preferredProjectObjectVersion = 77;
			productRefGroup = B53AC9D6302F41B800EBA8C5 /* Products */;
			projectDirPath = "";
			projectRoot = "";
			targets = (
				B53AC9D4302F41B800EBA8C5 /* ReadyMadeProjectSetup */,
				B53AC9E1302F41B900EBA8C5 /* ReadyMadeProjectSetupTests */,
				B53AC9EB302F41B900EBA8C5 /* ReadyMadeProjectSetupUITests */,
			);
		};
/* End PBXProject section */

/* Begin PBXResourcesBuildPhase section */
		B53AC9D3302F41B800EBA8C5 /* Resources */ = {
			isa = PBXResourcesBuildPhase;
			buildActionMask = 2147483647;
			files = (
				B53ACA09302F41EB00EBA8C5 /* Assets.xcassets in Resources */,
				B53ACA11302F420500EBA8C5 /* alldatalist.json in Resources */,
			);
			runOnlyForDeploymentPostprocessing = 0;
		};
		B53AC9E0302F41B900EBA8C5 /* Resources */ = {
			isa = PBXResourcesBuildPhase;
			buildActionMask = 2147483647;
			files = (
				B53ACA0F302F420500EBA8C5 /* alldatalist.json in Resources */,
			);
			runOnlyForDeploymentPostprocessing = 0;
		};
		B53AC9EA302F41B900EBA8C5 /* Resources */ = {
			isa = PBXResourcesBuildPhase;
			buildActionMask = 2147483647;
			files = (
			);
			runOnlyForDeploymentPostprocessing = 0;
		};
/* End PBXResourcesBuildPhase section */

/* Begin PBXSourcesBuildPhase section */
		B53AC9D1302F41B800EBA8C5 /* Sources */ = {
			isa = PBXSourcesBuildPhase;
			buildActionMask = 2147483647;
			files = (
				D2D3AE88305FF90800FE6131 /* HomeContainer.swift in Sources */,
				B53ACA40302F698D00EBA8C5 /* KeychainManager.swift in Sources */,
				D2D3AE74305FCDCB00FE6131 /* HomeView.swift in Sources */,
				D2D3AE7F305FCF2100FE6131 /* HomeDetailViewModel.swift in Sources */,
				D2D3AE81305FD01400FE6131 /* APIClientCompletionHandler.swift in Sources */,
				B53ACA42302F699700EBA8C5 /* LocalDatabase.swift in Sources */,
				D2D3AE79305FCE8300FE6131 /* HomeViewModel.swift in Sources */,
				B53ACA23302F687100EBA8C5 /* AppRouter.swift in Sources */,
				B53ACA07302F41EB00EBA8C5 /* MainView.swift in Sources */,
				D2D3AE7D305FCF1400FE6131 /* HomeDetailView.swift in Sources */,
				D2D3AE85305FF3DD00FE6131 /* PostRowView.swift in Sources */,
				B53ACA37302F696A00EBA8C5 /* APIClientAsyncAwait.swift in Sources */,
				D2D3AE83305FD18300FE6131 /* PublicPostModel.swift in Sources */,
				B53ACA38302F696A00EBA8C5 /* APIErrorResponse.swift in Sources */,
				B53ACA39302F696A00EBA8C5 /* EndPointType.swift in Sources */,
				B53ACA3A302F696A00EBA8C5 /* DataError.swift in Sources */,
				B53ACA3B302F696A00EBA8C5 /* MockEnvronobjectServices.swift in Sources */,
				B53ACA3C302F696A00EBA8C5 /* MockAPIServices.swift in Sources */,
				D2D3AE76305FCDDD00FE6131 /* HomeNavRouter.swift in Sources */,
				B53ACA45302F69C600EBA8C5 /* Theme.swift in Sources */,
				B53ACA3D302F696A00EBA8C5 /* MediaUploadService.swift in Sources */,
				B53ACA08302F41EB00EBA8C5 /* MainApp.swift in Sources */,
			);
			runOnlyForDeploymentPostprocessing = 0;
		};
		B53AC9DE302F41B900EBA8C5 /* Sources */ = {
			isa = PBXSourcesBuildPhase;
			buildActionMask = 2147483647;
			files = (
				B53ACA10302F420500EBA8C5 /* ReadyMadeProjectSetupUITests.swift in Sources */,
			);
			runOnlyForDeploymentPostprocessing = 0;
		};
		B53AC9E8302F41B900EBA8C5 /* Sources */ = {
			isa = PBXSourcesBuildPhase;
			buildActionMask = 2147483647;
			files = (
				B53ACA15302F420700EBA8C5 /* ReadyMadeProjectSetupUIUITests in Sources */,
				B53ACA16302F420700EBA8C5 /* ReadyMadeProjectSetupUIUITestsLaunchTests.swift in Sources */,
			);
			runOnlyForDeploymentPostprocessing = 0;
		};
/* End PBXSourcesBuildPhase section */

/* Begin PBXTargetDependency section */
		B53AC9E4302F41B900EBA8C5 /* PBXTargetDependency */ = {
			isa = PBXTargetDependency;
			target = B53AC9D4302F41B800EBA8C5 /* ReadyMadeProjectSetup */;
			targetProxy = B53AC9E3302F41B900EBA8C5 /* PBXContainerItemProxy */;
		};
		B53AC9EE302F41B900EBA8C5 /* PBXTargetDependency */ = {
			isa = PBXTargetDependency;
			target = B53AC9D4302F41B800EBA8C5 /* ReadyMadeProjectSetup */;
			targetProxy = B53AC9ED302F41B900EBA8C5 /* PBXContainerItemProxy */;
		};
/* End PBXTargetDependency section */

/* Begin XCBuildConfiguration section */
		B53AC9F4302F41B900EBA8C5 /* Debug */ = {
			isa = XCBuildConfiguration;
			buildSettings = {
				ALWAYS_SEARCH_USER_PATHS = NO;
				ASSETCATALOG_COMPILER_GENERATE_SWIFT_ASSET_SYMBOL_EXTENSIONS = YES;
				CLANG_ANALYZER_NONNULL = YES;
				CLANG_ANALYZER_NUMBER_OBJECT_CONVERSION = YES_AGGRESSIVE;
				CLANG_CXX_LANGUAGE_STANDARD = "gnu++20";
				CLANG_ENABLE_MODULES = YES;
				CLANG_ENABLE_OBJC_ARC = YES;
				CLANG_ENABLE_OBJC_WEAK = YES;
				CLANG_WARN_BLOCK_CAPTURE_AUTORELEASING = YES;
				CLANG_WARN_BOOL_CONVERSION = YES;
				CLANG_WARN_COMMA = YES;
				CLANG_WARN_CONSTANT_CONVERSION = YES;
				CLANG_WARN_DEPRECATED_OBJC_IMPLEMENTATIONS = YES;
				CLANG_WARN_DIRECT_OBJC_ISA_USAGE = YES_ERROR;
				CLANG_WARN_DOCUMENTATION_COMMENTS = YES;
				CLANG_WARN_EMPTY_BODY = YES;
				CLANG_WARN_ENUM_CONVERSION = YES;
				CLANG_WARN_INFINITE_RECURSION = YES;
				CLANG_WARN_INT_CONVERSION = YES;
				CLANG_WARN_NON_LITERAL_NULL_CONVERSION = YES;
				CLANG_WARN_OBJC_IMPLICIT_RETAIN_SELF = YES;
				CLANG_WARN_OBJC_LITERAL_CONVERSION = YES;
				CLANG_WARN_OBJC_ROOT_CLASS = YES_ERROR;
				CLANG_WARN_QUOTED_INCLUDE_IN_FRAMEWORK_HEADER = YES;
				CLANG_WARN_RANGE_LOOP_ANALYSIS = YES;
				CLANG_WARN_STRICT_PROTOTYPES = YES;
				CLANG_WARN_SUSPICIOUS_MOVE = YES;
				CLANG_WARN_UNGUARDED_AVAILABILITY = YES_AGGRESSIVE;
				CLANG_WARN_UNREACHABLE_CODE = YES;
				CLANG_WARN__DUPLICATE_METHOD_MATCH = YES;
				COPY_PHASE_STRIP = NO;
				DEBUG_INFORMATION_FORMAT = dwarf;
				ENABLE_STRICT_OBJC_MSGSEND = YES;
				ENABLE_TESTABILITY = YES;
				ENABLE_USER_SCRIPT_SANDBOXING = YES;
				GCC_C_LANGUAGE_STANDARD = gnu17;
				GCC_DYNAMIC_NO_PIC = NO;
				GCC_NO_COMMON_BLOCKS = YES;
				GCC_OPTIMIZATION_LEVEL = 0;
				GCC_PREPROCESSOR_DEFINITIONS = (
					"DEBUG=1",
					"$(inherited)",
				);
				GCC_WARN_64_TO_32_BIT_CONVERSION = YES;
				GCC_WARN_ABOUT_RETURN_TYPE = YES_ERROR;
				GCC_WARN_UNDECLARED_SELECTOR = YES;
				GCC_WARN_UNINITIALIZED_AUTOS = YES_AGGRESSIVE;
				GCC_WARN_UNUSED_FUNCTION = YES;
				GCC_WARN_UNUSED_VARIABLE = YES;
				IPHONEOS_DEPLOYMENT_TARGET = 26.0;
				LOCALIZATION_PREFERS_STRING_CATALOGS = YES;
				MTL_ENABLE_DEBUG_INFO = INCLUDE_SOURCE;
				MTL_FAST_MATH = YES;
				ONLY_ACTIVE_ARCH = YES;
				SDKROOT = iphoneos;
				SWIFT_ACTIVE_COMPILATION_CONDITIONS = "DEBUG $(inherited)";
				SWIFT_OPTIMIZATION_LEVEL = "-Onone";
			};
			name = Debug;
		};
		B53AC9F5302F41B900EBA8C5 /* Release */ = {
			isa = XCBuildConfiguration;
			buildSettings = {
				ALWAYS_SEARCH_USER_PATHS = NO;
				ASSETCATALOG_COMPILER_GENERATE_SWIFT_ASSET_SYMBOL_EXTENSIONS = YES;
				CLANG_ANALYZER_NONNULL = YES;
				CLANG_ANALYZER_NUMBER_OBJECT_CONVERSION = YES_AGGRESSIVE;
				CLANG_CXX_LANGUAGE_STANDARD = "gnu++20";
				CLANG_ENABLE_MODULES = YES;
				CLANG_ENABLE_OBJC_ARC = YES;
				CLANG_ENABLE_OBJC_WEAK = YES;
				CLANG_WARN_BLOCK_CAPTURE_AUTORELEASING = YES;
				CLANG_WARN_BOOL_CONVERSION = YES;
				CLANG_WARN_COMMA = YES;
				CLANG_WARN_CONSTANT_CONVERSION = YES;
				CLANG_WARN_DEPRECATED_OBJC_IMPLEMENTATIONS = YES;
				CLANG_WARN_DIRECT_OBJC_ISA_USAGE = YES_ERROR;
				CLANG_WARN_DOCUMENTATION_COMMENTS = YES;
				CLANG_WARN_EMPTY_BODY = YES;
				CLANG_WARN_ENUM_CONVERSION = YES;
				CLANG_WARN_INFINITE_RECURSION = YES;
				CLANG_WARN_INT_CONVERSION = YES;
				CLANG_WARN_NON_LITERAL_NULL_CONVERSION = YES;
				CLANG_WARN_OBJC_IMPLICIT_RETAIN_SELF = YES;
				CLANG_WARN_OBJC_LITERAL_CONVERSION = YES;
				CLANG_WARN_OBJC_ROOT_CLASS = YES_ERROR;
				CLANG_WARN_QUOTED_INCLUDE_IN_FRAMEWORK_HEADER = YES;
				CLANG_WARN_RANGE_LOOP_ANALYSIS = YES;
				CLANG_WARN_STRICT_PROTOTYPES = YES;
				CLANG_WARN_SUSPICIOUS_MOVE = YES;
				CLANG_WARN_UNGUARDED_AVAILABILITY = YES_AGGRESSIVE;
				CLANG_WARN_UNREACHABLE_CODE = YES;
				CLANG_WARN__DUPLICATE_METHOD_MATCH = YES;
				COPY_PHASE_STRIP = NO;
				DEBUG_INFORMATION_FORMAT = "dwarf-with-dsym";
				ENABLE_NS_ASSERTIONS = NO;
				ENABLE_STRICT_OBJC_MSGSEND = YES;
				ENABLE_USER_SCRIPT_SANDBOXING = YES;
				GCC_C_LANGUAGE_STANDARD = gnu17;
				GCC_NO_COMMON_BLOCKS = YES;
				GCC_WARN_64_TO_32_BIT_CONVERSION = YES;
				GCC_WARN_ABOUT_RETURN_TYPE = YES_ERROR;
				GCC_WARN_UNDECLARED_SELECTOR = YES;
				GCC_WARN_UNINITIALIZED_AUTOS = YES_AGGRESSIVE;
				GCC_WARN_UNUSED_FUNCTION = YES;
				GCC_WARN_UNUSED_VARIABLE = YES;
				IPHONEOS_DEPLOYMENT_TARGET = 26.0;
				LOCALIZATION_PREFERS_STRING_CATALOGS = YES;
				MTL_ENABLE_DEBUG_INFO = NO;
				MTL_FAST_MATH = YES;
				SDKROOT = iphoneos;
				SWIFT_COMPILATION_MODE = wholemodule;
				VALIDATE_PRODUCT = YES;
			};
			name = Release;
		};
		B53AC9F7302F41B900EBA8C5 /* Debug */ = {
			isa = XCBuildConfiguration;
			buildSettings = {
				ASSETCATALOG_COMPILER_APPICON_NAME = AppIcon;
				ASSETCATALOG_COMPILER_GLOBAL_ACCENT_COLOR_NAME = AccentColor;
				CODE_SIGN_STYLE = Automatic;
				CURRENT_PROJECT_VERSION = 1;
				ENABLE_PREVIEWS = YES;
				GENERATE_INFOPLIST_FILE = YES;
				INFOPLIST_KEY_UIApplicationSceneManifest_Generation = YES;
				INFOPLIST_KEY_UIApplicationSupportsIndirectInputEvents = YES;
				INFOPLIST_KEY_UILaunchScreen_Generation = YES;
				INFOPLIST_KEY_UISupportedInterfaceOrientations_iPad = "UIInterfaceOrientationPortrait UIInterfaceOrientationPortraitUpsideDown UIInterfaceOrientationLandscapeLeft UIInterfaceOrientationLandscapeRight";
				INFOPLIST_KEY_UISupportedInterfaceOrientations_iPhone = "UIInterfaceOrientationPortrait UIInterfaceOrientationLandscapeLeft UIInterfaceOrientationLandscapeRight";
				LD_RUNPATH_SEARCH_PATHS = (
					"$(inherited)",
					"@executable_path/Frameworks",
				);
				MARKETING_VERSION = 1.0;
				PRODUCT_BUNDLE_IDENTIFIER = com.learningSwiftUI.PaginationInSwiftUI;
				PRODUCT_NAME = "$(TARGET_NAME)";
				STRING_CATALOG_GENERATE_SYMBOLS = YES;
				SWIFT_APPROACHABLE_CONCURRENCY = YES;
				SWIFT_DEFAULT_ACTOR_ISOLATION = MainActor;
				SWIFT_EMIT_LOC_STRINGS = YES;
				SWIFT_UPCOMING_FEATURE_MEMBER_IMPORT_VISIBILITY = YES;
				SWIFT_VERSION = 5.0;
				TARGETED_DEVICE_FAMILY = "1,2";
			};
			name = Debug;
		};
		B53AC9F8302F41B900EBA8C5 /* Release */ = {
			isa = XCBuildConfiguration;
			buildSettings = {
				ASSETCATALOG_COMPILER_APPICON_NAME = AppIcon;
				ASSETCATALOG_COMPILER_GLOBAL_ACCENT_COLOR_NAME = AccentColor;
				CODE_SIGN_STYLE = Automatic;
				CURRENT_PROJECT_VERSION = 1;
				ENABLE_PREVIEWS = YES;
				GENERATE_INFOPLIST_FILE = YES;
				INFOPLIST_KEY_UIApplicationSceneManifest_Generation = YES;
				INFOPLIST_KEY_UIApplicationSupportsIndirectInputEvents = YES;
				INFOPLIST_KEY_UILaunchScreen_Generation = YES;
				INFOPLIST_KEY_UISupportedInterfaceOrientations_iPad = "UIInterfaceOrientationPortrait UIInterfaceOrientationPortraitUpsideDown UIInterfaceOrientationLandscapeLeft UIInterfaceOrientationLandscapeRight";
				INFOPLIST_KEY_UISupportedInterfaceOrientations_iPhone = "UIInterfaceOrientationPortrait UIInterfaceOrientationLandscapeLeft UIInterfaceOrientationLandscapeRight";
				LD_RUNPATH_SEARCH_PATHS = (
					"$(inherited)",
					"@executable_path/Frameworks",
				);
				MARKETING_VERSION = 1.0;
				PRODUCT_BUNDLE_IDENTIFIER = com.learningSwiftUI.PaginationInSwiftUI;
				PRODUCT_NAME = "$(TARGET_NAME)";
				STRING_CATALOG_GENERATE_SYMBOLS = YES;
				SWIFT_APPROACHABLE_CONCURRENCY = YES;
				SWIFT_DEFAULT_ACTOR_ISOLATION = MainActor;
				SWIFT_EMIT_LOC_STRINGS = YES;
				SWIFT_UPCOMING_FEATURE_MEMBER_IMPORT_VISIBILITY = YES;
				SWIFT_VERSION = 5.0;
				TARGETED_DEVICE_FAMILY = "1,2";
			};
			name = Release;
		};
		B53AC9FA302F41B900EBA8C5 /* Debug */ = {
			isa = XCBuildConfiguration;
			buildSettings = {
				BUNDLE_LOADER = "$(TEST_HOST)";
				CODE_SIGN_STYLE = Automatic;
				CURRENT_PROJECT_VERSION = 1;
				GENERATE_INFOPLIST_FILE = YES;
				IPHONEOS_DEPLOYMENT_TARGET = 26.0;
				MARKETING_VERSION = 1.0;
				PRODUCT_BUNDLE_IDENTIFIER = com.learningSwiftUI.PaginationInSwiftUITests;
				PRODUCT_NAME = "$(TARGET_NAME)";
				STRING_CATALOG_GENERATE_SYMBOLS = NO;
				SWIFT_APPROACHABLE_CONCURRENCY = YES;
				SWIFT_EMIT_LOC_STRINGS = NO;
				SWIFT_UPCOMING_FEATURE_MEMBER_IMPORT_VISIBILITY = YES;
				SWIFT_VERSION = 5.0;
				TARGETED_DEVICE_FAMILY = "1,2";
				TEST_HOST = "$(BUILT_PRODUCTS_DIR)/ReadyMadeProjectSetup.app/$(BUNDLE_EXECUTABLE_FOLDER_PATH)/ReadyMadeProjectSetup";
			};
			name = Debug;
		};
		B53AC9FB302F41B900EBA8C5 /* Release */ = {
			isa = XCBuildConfiguration;
			buildSettings = {
				BUNDLE_LOADER = "$(TEST_HOST)";
				CODE_SIGN_STYLE = Automatic;
				CURRENT_PROJECT_VERSION = 1;
				GENERATE_INFOPLIST_FILE = YES;
				IPHONEOS_DEPLOYMENT_TARGET = 26.0;
				MARKETING_VERSION = 1.0;
				PRODUCT_BUNDLE_IDENTIFIER = com.learningSwiftUI.PaginationInSwiftUITests;
				PRODUCT_NAME = "$(TARGET_NAME)";
				STRING_CATALOG_GENERATE_SYMBOLS = NO;
				SWIFT_APPROACHABLE_CONCURRENCY = YES;
				SWIFT_EMIT_LOC_STRINGS = NO;
				SWIFT_UPCOMING_FEATURE_MEMBER_IMPORT_VISIBILITY = YES;
				SWIFT_VERSION = 5.0;
				TARGETED_DEVICE_FAMILY = "1,2";
				TEST_HOST = "$(BUILT_PRODUCTS_DIR)/ReadyMadeProjectSetup.app/$(BUNDLE_EXECUTABLE_FOLDER_PATH)/ReadyMadeProjectSetup";
			};
			name = Release;
		};
		B53AC9FD302F41B900EBA8C5 /* Debug */ = {
			isa = XCBuildConfiguration;
			buildSettings = {
				CODE_SIGN_STYLE = Automatic;
				CURRENT_PROJECT_VERSION = 1;
				GENERATE_INFOPLIST_FILE = YES;
				MARKETING_VERSION = 1.0;
				PRODUCT_BUNDLE_IDENTIFIER = com.learningSwiftUI.PaginationInSwiftUIUITests;
				PRODUCT_NAME = "$(TARGET_NAME)";
				STRING_CATALOG_GENERATE_SYMBOLS = NO;
				SWIFT_APPROACHABLE_CONCURRENCY = YES;
				SWIFT_EMIT_LOC_STRINGS = NO;
				SWIFT_UPCOMING_FEATURE_MEMBER_IMPORT_VISIBILITY = YES;
				SWIFT_VERSION = 5.0;
				TARGETED_DEVICE_FAMILY = "1,2";
				TEST_TARGET_NAME = PaginationInSwiftUI;
			};
			name = Debug;
		};
		B53AC9FE302F41B900EBA8C5 /* Release */ = {
			isa = XCBuildConfiguration;
			buildSettings = {
				CODE_SIGN_STYLE = Automatic;
				CURRENT_PROJECT_VERSION = 1;
				GENERATE_INFOPLIST_FILE = YES;
				MARKETING_VERSION = 1.0;
				PRODUCT_BUNDLE_IDENTIFIER = com.learningSwiftUI.PaginationInSwiftUIUITests;
				PRODUCT_NAME = "$(TARGET_NAME)";
				STRING_CATALOG_GENERATE_SYMBOLS = NO;
				SWIFT_APPROACHABLE_CONCURRENCY = YES;
				SWIFT_EMIT_LOC_STRINGS = NO;
				SWIFT_UPCOMING_FEATURE_MEMBER_IMPORT_VISIBILITY = YES;
				SWIFT_VERSION = 5.0;
				TARGETED_DEVICE_FAMILY = "1,2";
				TEST_TARGET_NAME = PaginationInSwiftUI;
			};
			name = Release;
		};
/* End XCBuildConfiguration section */

/* Begin XCConfigurationList section */
		B53AC9D0302F41B800EBA8C5 /* Build configuration list for PBXProject "ReadyMadeProjectSetup" */ = {
			isa = XCConfigurationList;
			buildConfigurations = (
				B53AC9F4302F41B900EBA8C5 /* Debug */,
				B53AC9F5302F41B900EBA8C5 /* Release */,
			);
			defaultConfigurationIsVisible = 0;
			defaultConfigurationName = Release;
		};
		B53AC9F6302F41B900EBA8C5 /* Build configuration list for PBXNativeTarget "ReadyMadeProjectSetup" */ = {
			isa = XCConfigurationList;
			buildConfigurations = (
				B53AC9F7302F41B900EBA8C5 /* Debug */,
				B53AC9F8302F41B900EBA8C5 /* Release */,
			);
			defaultConfigurationIsVisible = 0;
			defaultConfigurationName = Release;
		};
		B53AC9F9302F41B900EBA8C5 /* Build configuration list for PBXNativeTarget "ReadyMadeProjectSetupTests" */ = {
			isa = XCConfigurationList;
			buildConfigurations = (
				B53AC9FA302F41B900EBA8C5 /* Debug */,
				B53AC9FB302F41B900EBA8C5 /* Release */,
			);
			defaultConfigurationIsVisible = 0;
			defaultConfigurationName = Release;
		};
		B53AC9FC302F41B900EBA8C5 /* Build configuration list for PBXNativeTarget "ReadyMadeProjectSetupUITests" */ = {
			isa = XCConfigurationList;
			buildConfigurations = (
				B53AC9FD302F41B900EBA8C5 /* Debug */,
				B53AC9FE302F41B900EBA8C5 /* Release */,
			);
			defaultConfigurationIsVisible = 0;
			defaultConfigurationName = Release;
		};
/* End XCConfigurationList section */
	};
	rootObject = B53AC9CD302F41B800EBA8C5 /* Project object */;
}
